
Microsoft Visual Studio Solution File, Format Version 12.00
# Visual Studio 14
VisualStudioVersion = 14.0.23107.0
MinimumVisualStudioVersion = 10.0.40219.1
Project("{FAE04EC0-301F-11D3-BF4B-00C04F79EFBC}") = "Reservas.Api", "Reservas.Api\Reservas.Api.csproj", "{C30B8E46-D200-42FD-9184-F846F3749A65}"
EndProject
Project("{FAE04EC0-301F-11D3-BF4B-00C04F79EFBC}") = "Reservas.ApiService", "Reservas.ApiService\Reservas.ApiService.csproj", "{B62E416B-FED5-4B35-98DD-9190A527A905}"
EndProject
Global
	GlobalSection(SolutionConfigurationPlatforms) = preSolution
		Debug|Any CPU = Debug|Any CPU
		Release|Any CPU = Release|Any CPU
	EndGlobalSection
	GlobalSection(ProjectConfigurationPlatforms) = postSolution
		{C30B8E46-D200-42FD-9184-F846F3749A65}.Debug|Any CPU.ActiveCfg = Debug|Any CPU
		{C30B8E46-D200-42FD-9184-F846F3749A65}.Debug|Any CPU.Build.0 = Debug|Any CPU
		{C30B8E46-D200-42FD-9184-F846F3749A65}.Release|Any CPU.ActiveCfg = Release|Any CPU
		{C30B8E46-D200-42FD-9184-F846F3749A65}.Release|Any CPU.Build.0 = Release|Any CPU
		{B62E416B-FED5-4B35-98DD-9190A527A905}.Debug|Any CPU.ActiveCfg = Debug|Any CPU
		{B62E416B-FED5-4B35-98DD-9190A527A905}.Debug|Any CPU.Build.0 = Debug|Any CPU
		{B62E416B-FED5-4B35-98DD-9190A527A905}.Release|Any CPU.ActiveCfg = Release|Any CPU
		{B62E416B-FED5-4B35-98DD-9190A527A905}.Release|Any CPU.Build.0 = Release|Any CPU
	EndGlobalSection
	GlobalSection(SolutionProperties) = preSolution
		HideSolutionNode = FALSE
	EndGlobalSection
EndGlobal
